
Microsoft Visual Studio Solution File, Format Version 12.00
# Visual Studio Version 16
VisualStudioVersion = 16.0.31729.503
MinimumVisualStudioVersion = 10.0.40219.1
Project("{FAE04EC0-301F-11D3-BF4B-00C04F79EFBC}") = "Hello1", "Hello1\Hello1.csproj", "{8C0A1BCD-64C2-435F-A804-456F57AD2EBF}"
EndProject
Global
	GlobalSection(SolutionConfigurationPlatforms) = preSolution
		Debug|Any CPU = Debug|Any CPU
		Release|Any CPU = Release|Any CPU
	EndGlobalSection
	GlobalSection(ProjectConfigurationPlatforms) = postSolution
		{8C0A1BCD-64C2-435F-A804-456F57AD2EBF}.Debug|Any CPU.ActiveCfg = Debug|Any CPU
		{8C0A1BCD-64C2-435F-A804-456F57AD2EBF}.Debug|Any CPU.Build.0 = Debug|Any CPU
		{8C0A1BCD-64C2-435F-A804-456F57AD2EBF}.Release|Any CPU.ActiveCfg = Release|Any CPU
		{8C0A1BCD-64C2-435F-A804-456F57AD2EBF}.Release|Any CPU.Build.0 = Release|Any CPU
	EndGlobalSection
	GlobalSection(SolutionProperties) = preSolution
		HideSolutionNode = FALSE
	EndGlobalSection
	GlobalSection(ExtensibilityGlobals) = postSolution
		SolutionGuid = {BBA3521A-1B2C-45B1-8B9E-ABDD65EBB78F}
	EndGlobalSection
EndGlobal
